// !$*UTF8*$!
{
	archiveVersion = 1;
	classes = {
	};
	objectVersion = 50;
	objects = {

/* Begin PBXBuildFile section */
		D15425307488AB542CF72C71 /* Pods_SkyFind.framework in Frameworks */ = {isa = PBXBuildFile; fileRef = 94286BC569CAAB4A836E0100 /* Pods_SkyFind.framework */; };
		FD6966A022AF9A7400D4C2B4 /* AirportListViewModel.swift in Sources */ = {isa = PBXBuildFile; fileRef = FD69669F22AF9A7400D4C2B4 /* AirportListViewModel.swift */; };
		FD6966A422AF9AA400D4C2B4 /* AirportListViewController.swift in Sources */ = {isa = PBXBuildFile; fileRef = FD6966A322AF9AA400D4C2B4 /* AirportListViewController.swift */; };
		FD6966A722AF9AC400D4C2B4 /* AirportListCell.swift in Sources */ = {isa = PBXBuildFile; fileRef = FD6966A622AF9AC400D4C2B4 /* AirportListCell.swift */; };
		FD6966A922AF9DEE00D4C2B4 /* AirportListView+UI.swift in Sources */ = {isa = PBXBuildFile; fileRef = FD6966A822AF9DEE00D4C2B4 /* AirportListView+UI.swift */; };
		FD6966AB22AF9E5400D4C2B4 /* AirportListView+Delegate.swift in Sources */ = {isa = PBXBuildFile; fileRef = FD6966AA22AF9E5400D4C2B4 /* AirportListView+Delegate.swift */; };
		FD6966AD22B034F600D4C2B4 /* SearchViewController+Delegate.swift in Sources */ = {isa = PBXBuildFile; fileRef = FD6966AC22B034F600D4C2B4 /* SearchViewController+Delegate.swift */; };
		FD9E6A1A22AE68B200C3D355 /* AppDelegate.swift in Sources */ = {isa = PBXBuildFile; fileRef = FD9E6A1922AE68B200C3D355 /* AppDelegate.swift */; };
		FD9E6A2222AE68B200C3D355 /* SkyFind.xcdatamodeld in Sources */ = {isa = PBXBuildFile; fileRef = FD9E6A2022AE68B200C3D355 /* SkyFind.xcdatamodeld */; };
		FD9E6A2422AE68B300C3D355 /* Assets.xcassets in Resources */ = {isa = PBXBuildFile; fileRef = FD9E6A2322AE68B300C3D355 /* Assets.xcassets */; };
		FD9E6A3022AE690B00C3D355 /* EndPointType.swift in Sources */ = {isa = PBXBuildFile; fileRef = FD9E6A2F22AE690B00C3D355 /* EndPointType.swift */; };
		FD9E6A3222AE691D00C3D355 /* HTTPMethod.swift in Sources */ = {isa = PBXBuildFile; fileRef = FD9E6A3122AE691D00C3D355 /* HTTPMethod.swift */; };
		FD9E6A3422AE693100C3D355 /* HTTPTask.swift in Sources */ = {isa = PBXBuildFile; fileRef = FD9E6A3322AE693100C3D355 /* HTTPTask.swift */; };
		FD9E6A3622AE693B00C3D355 /* Router.swift in Sources */ = {isa = PBXBuildFile; fileRef = FD9E6A3522AE693B00C3D355 /* Router.swift */; };
		FD9E6A3822AE694600C3D355 /* NetworkManager.swift in Sources */ = {isa = PBXBuildFile; fileRef = FD9E6A3722AE694600C3D355 /* NetworkManager.swift */; };
		FD9E6A3A22AE695000C3D355 /* API.swift in Sources */ = {isa = PBXBuildFile; fileRef = FD9E6A3922AE695000C3D355 /* API.swift */; };
		FD9E6A3E22AE698600C3D355 /* URLParameterEncoder.swift in Sources */ = {isa = PBXBuildFile; fileRef = FD9E6A3D22AE698600C3D355 /* URLParameterEncoder.swift */; };
		FD9E6A4022AE69A200C3D355 /* JSONParameterEncoder.swift in Sources */ = {isa = PBXBuildFile; fileRef = FD9E6A3F22AE69A200C3D355 /* JSONParameterEncoder.swift */; };
		FD9E6A4222AE701700C3D355 /* NetworkRouter.swift in Sources */ = {isa = PBXBuildFile; fileRef = FD9E6A4122AE701700C3D355 /* NetworkRouter.swift */; };
		FD9E6A4522AE900200C3D355 /* TokenModel.swift in Sources */ = {isa = PBXBuildFile; fileRef = FD9E6A4422AE900200C3D355 /* TokenModel.swift */; };
		FD9E6A4722AE90A800C3D355 /* FlightModel.swift in Sources */ = {isa = PBXBuildFile; fileRef = FD9E6A4622AE90A800C3D355 /* FlightModel.swift */; };
		FD9E6A4922AE90BB00C3D355 /* AirportModel.swift in Sources */ = {isa = PBXBuildFile; fileRef = FD9E6A4822AE90BB00C3D355 /* AirportModel.swift */; };
		FD9E6A5022AEC67C00C3D355 /* SearchViewModel.swift in Sources */ = {isa = PBXBuildFile; fileRef = FD9E6A4F22AEC67C00C3D355 /* SearchViewModel.swift */; };
		FD9E6A5222AEC68D00C3D355 /* SearchViewController.swift in Sources */ = {isa = PBXBuildFile; fileRef = FD9E6A5122AEC68D00C3D355 /* SearchViewController.swift */; };
		FD9E6A5522AEC80B00C3D355 /* UITextField+Extension.swift in Sources */ = {isa = PBXBuildFile; fileRef = FD9E6A5422AEC80B00C3D355 /* UITextField+Extension.swift */; };
		FD9E6A5722AEC85600C3D355 /* UIColor+Extension.swift in Sources */ = {isa = PBXBuildFile; fileRef = FD9E6A5622AEC85600C3D355 /* UIColor+Extension.swift */; };
		FD9E6A5922AECAFE00C3D355 /* SearchViewController+UI.swift in Sources */ = {isa = PBXBuildFile; fileRef = FD9E6A5822AECAFE00C3D355 /* SearchViewController+UI.swift */; };
		FDC2C66C22B0D72000640A97 /* AirportViewModel+Extension.swift in Sources */ = {isa = PBXBuildFile; fileRef = FDC2C66B22B0D72000640A97 /* AirportViewModel+Extension.swift */; };
		FDC2C66E22B0DA3F00640A97 /* UIViewController+Extension.swift in Sources */ = {isa = PBXBuildFile; fileRef = FDC2C66D22B0DA3F00640A97 /* UIViewController+Extension.swift */; };
/* End PBXBuildFile section */

/* Begin PBXFileReference section */
		3FC91D971D7666C479BB2304 /* Pods-SkyFind.debug.xcconfig */ = {isa = PBXFileReference; includeInIndex = 1; lastKnownFileType = text.xcconfig; name = "Pods-SkyFind.debug.xcconfig"; path = "Pods/Target Support Files/Pods-SkyFind/Pods-SkyFind.debug.xcconfig"; sourceTree = "<group>"; };
		94286BC569CAAB4A836E0100 /* Pods_SkyFind.framework */ = {isa = PBXFileReference; explicitFileType = wrapper.framework; includeInIndex = 0; path = Pods_SkyFind.framework; sourceTree = BUILT_PRODUCTS_DIR; };
		AE74C69B8F6BBF843282DC42 /* Pods-SkyFind.release.xcconfig */ = {isa = PBXFileReference; includeInIndex = 1; lastKnownFileType = text.xcconfig; name = "Pods-SkyFind.release.xcconfig"; path = "Pods/Target Support Files/Pods-SkyFind/Pods-SkyFind.release.xcconfig"; sourceTree = "<group>"; };
		FD69669F22AF9A7400D4C2B4 /* AirportListViewModel.swift */ = {isa = PBXFileReference; lastKnownFileType = sourcecode.swift; path = AirportListViewModel.swift; sourceTree = "<group>"; };
		FD6966A322AF9AA400D4C2B4 /* AirportListViewController.swift */ = {isa = PBXFileReference; lastKnownFileType = sourcecode.swift; path = AirportListViewController.swift; sourceTree = "<group>"; };
		FD6966A622AF9AC400D4C2B4 /* AirportListCell.swift */ = {isa = PBXFileReference; lastKnownFileType = sourcecode.swift; path = AirportListCell.swift; sourceTree = "<group>"; };
		FD6966A822AF9DEE00D4C2B4 /* AirportListView+UI.swift */ = {isa = PBXFileReference; lastKnownFileType = sourcecode.swift; path = "AirportListView+UI.swift"; sourceTree = "<group>"; };
		FD6966AA22AF9E5400D4C2B4 /* AirportListView+Delegate.swift */ = {isa = PBXFileReference; lastKnownFileType = sourcecode.swift; path = "AirportListView+Delegate.swift"; sourceTree = "<group>"; };
		FD6966AC22B034F600D4C2B4 /* SearchViewController+Delegate.swift */ = {isa = PBXFileReference; lastKnownFileType = sourcecode.swift; path = "SearchViewController+Delegate.swift"; sourceTree = "<group>"; };
		FD9E6A1622AE68B200C3D355 /* SkyFind.app */ = {isa = PBXFileReference; explicitFileType = wrapper.application; includeInIndex = 0; path = SkyFind.app; sourceTree = BUILT_PRODUCTS_DIR; };
		FD9E6A1922AE68B200C3D355 /* AppDelegate.swift */ = {isa = PBXFileReference; lastKnownFileType = sourcecode.swift; path = AppDelegate.swift; sourceTree = "<group>"; };
		FD9E6A2122AE68B200C3D355 /* SkyFind.xcdatamodel */ = {isa = PBXFileReference; lastKnownFileType = wrapper.xcdatamodel; path = SkyFind.xcdatamodel; sourceTree = "<group>"; };
		FD9E6A2322AE68B300C3D355 /* Assets.xcassets */ = {isa = PBXFileReference; lastKnownFileType = folder.assetcatalog; path = Assets.xcassets; sourceTree = "<group>"; };
		FD9E6A2822AE68B300C3D355 /* Info.plist */ = {isa = PBXFileReference; lastKnownFileType = text.plist.xml; path = Info.plist; sourceTree = "<group>"; };
		FD9E6A2F22AE690B00C3D355 /* EndPointType.swift */ = {isa = PBXFileReference; lastKnownFileType = sourcecode.swift; path = EndPointType.swift; sourceTree = "<group>"; };
		FD9E6A3122AE691D00C3D355 /* HTTPMethod.swift */ = {isa = PBXFileReference; lastKnownFileType = sourcecode.swift; path = HTTPMethod.swift; sourceTree = "<group>"; };
		FD9E6A3322AE693100C3D355 /* HTTPTask.swift */ = {isa = PBXFileReference; lastKnownFileType = sourcecode.swift; path = HTTPTask.swift; sourceTree = "<group>"; };
		FD9E6A3522AE693B00C3D355 /* Router.swift */ = {isa = PBXFileReference; lastKnownFileType = sourcecode.swift; path = Router.swift; sourceTree = "<group>"; };
		FD9E6A3722AE694600C3D355 /* NetworkManager.swift */ = {isa = PBXFileReference; lastKnownFileType = sourcecode.swift; path = NetworkManager.swift; sourceTree = "<group>"; };
		FD9E6A3922AE695000C3D355 /* API.swift */ = {isa = PBXFileReference; lastKnownFileType = sourcecode.swift; path = API.swift; sourceTree = "<group>"; };
		FD9E6A3D22AE698600C3D355 /* URLParameterEncoder.swift */ = {isa = PBXFileReference; lastKnownFileType = sourcecode.swift; path = URLParameterEncoder.swift; sourceTree = "<group>"; };
		FD9E6A3F22AE69A200C3D355 /* JSONParameterEncoder.swift */ = {isa = PBXFileReference; lastKnownFileType = sourcecode.swift; path = JSONParameterEncoder.swift; sourceTree = "<group>"; };
		FD9E6A4122AE701700C3D355 /* NetworkRouter.swift */ = {isa = PBXFileReference; lastKnownFileType = sourcecode.swift; path = NetworkRouter.swift; sourceTree = "<group>"; };
		FD9E6A4422AE900200C3D355 /* TokenModel.swift */ = {isa = PBXFileReference; lastKnownFileType = sourcecode.swift; path = TokenModel.swift; sourceTree = "<group>"; };
		FD9E6A4622AE90A800C3D355 /* FlightModel.swift */ = {isa = PBXFileReference; lastKnownFileType = sourcecode.swift; path = FlightModel.swift; sourceTree = "<group>"; };
		FD9E6A4822AE90BB00C3D355 /* AirportModel.swift */ = {isa = PBXFileReference; lastKnownFileType = sourcecode.swift; path = AirportModel.swift; sourceTree = "<group>"; };
		FD9E6A4F22AEC67C00C3D355 /* SearchViewModel.swift */ = {isa = PBXFileReference; lastKnownFileType = sourcecode.swift; path = SearchViewModel.swift; sourceTree = "<group>"; };
		FD9E6A5122AEC68D00C3D355 /* SearchViewController.swift */ = {isa = PBXFileReference; lastKnownFileType = sourcecode.swift; path = SearchViewController.swift; sourceTree = "<group>"; };
		FD9E6A5422AEC80B00C3D355 /* UITextField+Extension.swift */ = {isa = PBXFileReference; lastKnownFileType = sourcecode.swift; path = "UITextField+Extension.swift"; sourceTree = "<group>"; };
		FD9E6A5622AEC85600C3D355 /* UIColor+Extension.swift */ = {isa = PBXFileReference; lastKnownFileType = sourcecode.swift; path = "UIColor+Extension.swift"; sourceTree = "<group>"; };
		FD9E6A5822AECAFE00C3D355 /* SearchViewController+UI.swift */ = {isa = PBXFileReference; lastKnownFileType = sourcecode.swift; path = "SearchViewController+UI.swift"; sourceTree = "<group>"; };
		FDC2C66B22B0D72000640A97 /* AirportViewModel+Extension.swift */ = {isa = PBXFileReference; lastKnownFileType = sourcecode.swift; path = "AirportViewModel+Extension.swift"; sourceTree = "<group>"; };
		FDC2C66D22B0DA3F00640A97 /* UIViewController+Extension.swift */ = {isa = PBXFileReference; lastKnownFileType = sourcecode.swift; path = "UIViewController+Extension.swift"; sourceTree = "<group>"; };
/* End PBXFileReference section */

/* Begin PBXFrameworksBuildPhase section */
		FD9E6A1322AE68B200C3D355 /* Frameworks */ = {
			isa = PBXFrameworksBuildPhase;
			buildActionMask = 2147483647;
			files = (
				D15425307488AB542CF72C71 /* Pods_SkyFind.framework in Frameworks */,
			);
			runOnlyForDeploymentPostprocessing = 0;
		};
/* End PBXFrameworksBuildPhase section */

/* Begin PBXGroup section */
		2E94083E758E21CB01EEC0B4 /* Pods */ = {
			isa = PBXGroup;
			children = (
				3FC91D971D7666C479BB2304 /* Pods-SkyFind.debug.xcconfig */,
				AE74C69B8F6BBF843282DC42 /* Pods-SkyFind.release.xcconfig */,
			);
			name = Pods;
			sourceTree = "<group>";
		};
		663784F08C8F76639E13BBA7 /* Frameworks */ = {
			isa = PBXGroup;
			children = (
				94286BC569CAAB4A836E0100 /* Pods_SkyFind.framework */,
			);
			name = Frameworks;
			sourceTree = "<group>";
		};
		FD6966A122AF9A7800D4C2B4 /* ViewModel */ = {
			isa = PBXGroup;
			children = (
				FD69669F22AF9A7400D4C2B4 /* AirportListViewModel.swift */,
			);
			path = ViewModel;
			sourceTree = "<group>";
		};
		FD6966A222AF9A8200D4C2B4 /* Extension */ = {
			isa = PBXGroup;
			children = (
				FD6966A822AF9DEE00D4C2B4 /* AirportListView+UI.swift */,
				FD6966AA22AF9E5400D4C2B4 /* AirportListView+Delegate.swift */,
				FDC2C66B22B0D72000640A97 /* AirportViewModel+Extension.swift */,
			);
			path = Extension;
			sourceTree = "<group>";
		};
		FD6966A522AF9AB200D4C2B4 /* Cell */ = {
			isa = PBXGroup;
			children = (
				FD6966A622AF9AC400D4C2B4 /* AirportListCell.swift */,
			);
			path = Cell;
			sourceTree = "<group>";
		};
		FD9E6A0D22AE68B200C3D355 = {
			isa = PBXGroup;
			children = (
				FD9E6A1822AE68B200C3D355 /* SkyFind */,
				FD9E6A1722AE68B200C3D355 /* Products */,
				2E94083E758E21CB01EEC0B4 /* Pods */,
				663784F08C8F76639E13BBA7 /* Frameworks */,
			);
			sourceTree = "<group>";
		};
		FD9E6A1722AE68B200C3D355 /* Products */ = {
			isa = PBXGroup;
			children = (
				FD9E6A1622AE68B200C3D355 /* SkyFind.app */,
			);
			name = Products;
			sourceTree = "<group>";
		};
		FD9E6A1822AE68B200C3D355 /* SkyFind */ = {
			isa = PBXGroup;
			children = (
				FD9E6A5322AEC7FD00C3D355 /* Extensions */,
				FD9E6A4B22AEC5C000C3D355 /* AirportList */,
				FD9E6A4C22AEC5DA00C3D355 /* FlightSchedule */,
				FD9E6A2E22AE68E900C3D355 /* Networking */,
				FD9E6A4A22AEC59A00C3D355 /* Search */,
				FD9E6A1922AE68B200C3D355 /* AppDelegate.swift */,
				FD9E6A2322AE68B300C3D355 /* Assets.xcassets */,
				FD9E6A2822AE68B300C3D355 /* Info.plist */,
				FD9E6A2022AE68B200C3D355 /* SkyFind.xcdatamodeld */,
			);
			path = SkyFind;
			sourceTree = "<group>";
		};
		FD9E6A2E22AE68E900C3D355 /* Networking */ = {
			isa = PBXGroup;
			children = (
				FD9E6A4322AE8FF300C3D355 /* Models */,
				FD9E6A2F22AE690B00C3D355 /* EndPointType.swift */,
				FD9E6A3122AE691D00C3D355 /* HTTPMethod.swift */,
				FD9E6A3322AE693100C3D355 /* HTTPTask.swift */,
				FD9E6A3522AE693B00C3D355 /* Router.swift */,
				FD9E6A3722AE694600C3D355 /* NetworkManager.swift */,
				FD9E6A3922AE695000C3D355 /* API.swift */,
				FD9E6A3D22AE698600C3D355 /* URLParameterEncoder.swift */,
				FD9E6A3F22AE69A200C3D355 /* JSONParameterEncoder.swift */,
				FD9E6A4122AE701700C3D355 /* NetworkRouter.swift */,
			);
			path = Networking;
			sourceTree = "<group>";
		};
		FD9E6A4322AE8FF300C3D355 /* Models */ = {
			isa = PBXGroup;
			children = (
				FD9E6A4822AE90BB00C3D355 /* AirportModel.swift */,
				FD9E6A4622AE90A800C3D355 /* FlightModel.swift */,
				FD9E6A4422AE900200C3D355 /* TokenModel.swift */,
			);
			path = Models;
			sourceTree = "<group>";
		};
		FD9E6A4A22AEC59A00C3D355 /* Search */ = {
			isa = PBXGroup;
			children = (
				FD9E6A4E22AEC65100C3D355 /* ViewModel */,
				FD9E6A4D22AEC64200C3D355 /* Extension */,
				FD9E6A5122AEC68D00C3D355 /* SearchViewController.swift */,
			);
			path = Search;
			sourceTree = "<group>";
		};
		FD9E6A4B22AEC5C000C3D355 /* AirportList */ = {
			isa = PBXGroup;
			children = (
				FD6966A522AF9AB200D4C2B4 /* Cell */,
				FD6966A222AF9A8200D4C2B4 /* Extension */,
				FD6966A122AF9A7800D4C2B4 /* ViewModel */,
				FD6966A322AF9AA400D4C2B4 /* AirportListViewController.swift */,
			);
			path = AirportList;
			sourceTree = "<group>";
		};
		FD9E6A4C22AEC5DA00C3D355 /* FlightSchedule */ = {
			isa = PBXGroup;
			children = (
			);
			path = FlightSchedule;
			sourceTree = "<group>";
		};
		FD9E6A4D22AEC64200C3D355 /* Extension */ = {
			isa = PBXGroup;
			children = (
				FD9E6A5822AECAFE00C3D355 /* SearchViewController+UI.swift */,
				FD6966AC22B034F600D4C2B4 /* SearchViewController+Delegate.swift */,
			);
			path = Extension;
			sourceTree = "<group>";
		};
		FD9E6A4E22AEC65100C3D355 /* ViewModel */ = {
			isa = PBXGroup;
			children = (
				FD9E6A4F22AEC67C00C3D355 /* SearchViewModel.swift */,
			);
			path = ViewModel;
			sourceTree = "<group>";
		};
		FD9E6A5322AEC7FD00C3D355 /* Extensions */ = {
			isa = PBXGroup;
			children = (
				FD9E6A5422AEC80B00C3D355 /* UITextField+Extension.swift */,
				FD9E6A5622AEC85600C3D355 /* UIColor+Extension.swift */,
				FDC2C66D22B0DA3F00640A97 /* UIViewController+Extension.swift */,
			);
			path = Extensions;
			sourceTree = "<group>";
		};
/* End PBXGroup section */

/* Begin PBXNativeTarget section */
		FD9E6A1522AE68B200C3D355 /* SkyFind */ = {
			isa = PBXNativeTarget;
			buildConfigurationList = FD9E6A2B22AE68B300C3D355 /* Build configuration list for PBXNativeTarget "SkyFind" */;
			buildPhases = (
				F81EA9B400FF2701B6E516B5 /* [CP] Check Pods Manifest.lock */,
				FD9E6A1222AE68B200C3D355 /* Sources */,
				FD9E6A1322AE68B200C3D355 /* Frameworks */,
				FD9E6A1422AE68B200C3D355 /* Resources */,
				309220CF749F9D33FD46EFE5 /* [CP] Embed Pods Frameworks */,
			);
			buildRules = (
			);
			dependencies = (
			);
			name = SkyFind;
			productName = SkyFind;
			productReference = FD9E6A1622AE68B200C3D355 /* SkyFind.app */;
			productType = "com.apple.product-type.application";
		};
/* End PBXNativeTarget section */

/* Begin PBXProject section */
		FD9E6A0E22AE68B200C3D355 /* Project object */ = {
			isa = PBXProject;
			attributes = {
				LastSwiftUpdateCheck = 1020;
				LastUpgradeCheck = 1020;
				ORGANIZATIONNAME = "Angie Mugo";
				TargetAttributes = {
					FD9E6A1522AE68B200C3D355 = {
						CreatedOnToolsVersion = 10.2.1;
					};
				};
			};
			buildConfigurationList = FD9E6A1122AE68B200C3D355 /* Build configuration list for PBXProject "SkyFind" */;
			compatibilityVersion = "Xcode 9.3";
			developmentRegion = en;
			hasScannedForEncodings = 0;
			knownRegions = (
				en,
				Base,
			);
			mainGroup = FD9E6A0D22AE68B200C3D355;
			productRefGroup = FD9E6A1722AE68B200C3D355 /* Products */;
			projectDirPath = "";
			projectRoot = "";
			targets = (
				FD9E6A1522AE68B200C3D355 /* SkyFind */,
			);
		};
/* End PBXProject section */

/* Begin PBXResourcesBuildPhase section */
		FD9E6A1422AE68B200C3D355 /* Resources */ = {
			isa = PBXResourcesBuildPhase;
			buildActionMask = 2147483647;
			files = (
				FD9E6A2422AE68B300C3D355 /* Assets.xcassets in Resources */,
			);
			runOnlyForDeploymentPostprocessing = 0;
		};
/* End PBXResourcesBuildPhase section */

/* Begin PBXShellScriptBuildPhase section */
		309220CF749F9D33FD46EFE5 /* [CP] Embed Pods Frameworks */ = {
			isa = PBXShellScriptBuildPhase;
			buildActionMask = 2147483647;
			files = (
			);
			inputFileListPaths = (
			);
			inputPaths = (
				"${SRCROOT}/Pods/Target Support Files/Pods-SkyFind/Pods-SkyFind-frameworks.sh",
				"${BUILT_PRODUCTS_DIR}/RxCocoa/RxCocoa.framework",
				"${BUILT_PRODUCTS_DIR}/RxRelay/RxRelay.framework",
				"${BUILT_PRODUCTS_DIR}/RxSwift/RxSwift.framework",
				"${BUILT_PRODUCTS_DIR}/SwiftKeychainWrapper/SwiftKeychainWrapper.framework",
			);
			name = "[CP] Embed Pods Frameworks";
			outputFileListPaths = (
			);
			outputPaths = (
				"${TARGET_BUILD_DIR}/${FRAMEWORKS_FOLDER_PATH}/RxCocoa.framework",
				"${TARGET_BUILD_DIR}/${FRAMEWORKS_FOLDER_PATH}/RxRelay.framework",
				"${TARGET_BUILD_DIR}/${FRAMEWORKS_FOLDER_PATH}/RxSwift.framework",
				"${TARGET_BUILD_DIR}/${FRAMEWORKS_FOLDER_PATH}/SwiftKeychainWrapper.framework",
			);
			runOnlyForDeploymentPostprocessing = 0;
			shellPath = /bin/sh;
			shellScript = "\"${SRCROOT}/Pods/Target Support Files/Pods-SkyFind/Pods-SkyFind-frameworks.sh\"\n";
			showEnvVarsInLog = 0;
		};
		F81EA9B400FF2701B6E516B5 /* [CP] Check Pods Manifest.lock */ = {
			isa = PBXShellScriptBuildPhase;
			buildActionMask = 2147483647;
			files = (
			);
			inputFileListPaths = (
			);
			inputPaths = (
				"${PODS_PODFILE_DIR_PATH}/Podfile.lock",
				"${PODS_ROOT}/Manifest.lock",
			);
			name = "[CP] Check Pods Manifest.lock";
			outputFileListPaths = (
			);
			outputPaths = (
				"$(DERIVED_FILE_DIR)/Pods-SkyFind-checkManifestLockResult.txt",
			);
			runOnlyForDeploymentPostprocessing = 0;
			shellPath = /bin/sh;
			shellScript = "diff \"${PODS_PODFILE_DIR_PATH}/Podfile.lock\" \"${PODS_ROOT}/Manifest.lock\" > /dev/null\nif [ $? != 0 ] ; then\n    # print error to STDERR\n    echo \"error: The sandbox is not in sync with the Podfile.lock. Run 'pod install' or update your CocoaPods installation.\" >&2\n    exit 1\nfi\n# This output is used by Xcode 'outputs' to avoid re-running this script phase.\necho \"SUCCESS\" > \"${SCRIPT_OUTPUT_FILE_0}\"\n";
			showEnvVarsInLog = 0;
		};
/* End PBXShellScriptBuildPhase section */

/* Begin PBXSourcesBuildPhase section */
		FD9E6A1222AE68B200C3D355 /* Sources */ = {
			isa = PBXSourcesBuildPhase;
			buildActionMask = 2147483647;
			files = (
				FDC2C66E22B0DA3F00640A97 /* UIViewController+Extension.swift in Sources */,
				FD9E6A3422AE693100C3D355 /* HTTPTask.swift in Sources */,
				FD6966A722AF9AC400D4C2B4 /* AirportListCell.swift in Sources */,
				FD9E6A5922AECAFE00C3D355 /* SearchViewController+UI.swift in Sources */,
				FD9E6A3022AE690B00C3D355 /* EndPointType.swift in Sources */,
				FD6966AD22B034F600D4C2B4 /* SearchViewController+Delegate.swift in Sources */,
				FD9E6A3622AE693B00C3D355 /* Router.swift in Sources */,
				FD6966A922AF9DEE00D4C2B4 /* AirportListView+UI.swift in Sources */,
				FD9E6A5722AEC85600C3D355 /* UIColor+Extension.swift in Sources */,
				FD6966AB22AF9E5400D4C2B4 /* AirportListView+Delegate.swift in Sources */,
				FD9E6A4022AE69A200C3D355 /* JSONParameterEncoder.swift in Sources */,
				FD6966A022AF9A7400D4C2B4 /* AirportListViewModel.swift in Sources */,
				FD9E6A4222AE701700C3D355 /* NetworkRouter.swift in Sources */,
				FD9E6A3822AE694600C3D355 /* NetworkManager.swift in Sources */,
				FD9E6A5022AEC67C00C3D355 /* SearchViewModel.swift in Sources */,
				FD9E6A1A22AE68B200C3D355 /* AppDelegate.swift in Sources */,
				FD9E6A3222AE691D00C3D355 /* HTTPMethod.swift in Sources */,
				FD9E6A3A22AE695000C3D355 /* API.swift in Sources */,
				FD6966A422AF9AA400D4C2B4 /* AirportListViewController.swift in Sources */,
				FD9E6A5222AEC68D00C3D355 /* SearchViewController.swift in Sources */,
				FD9E6A2222AE68B200C3D355 /* SkyFind.xcdatamodeld in Sources */,
				FD9E6A3E22AE698600C3D355 /* URLParameterEncoder.swift in Sources */,
				FD9E6A4922AE90BB00C3D355 /* AirportModel.swift in Sources */,
				FDC2C66C22B0D72000640A97 /* AirportViewModel+Extension.swift in Sources */,
				FD9E6A4522AE900200C3D355 /* TokenModel.swift in Sources */,
				FD9E6A5522AEC80B00C3D355 /* UITextField+Extension.swift in Sources */,
				FD9E6A4722AE90A800C3D355 /* FlightModel.swift in Sources */,
			);
			runOnlyForDeploymentPostprocessing = 0;
		};
/* End PBXSourcesBuildPhase section */

/* Begin XCBuildConfiguration section */
		FD9E6A2922AE68B300C3D355 /* Debug */ = {
			isa = XCBuildConfiguration;
			buildSettings = {
				ALWAYS_SEARCH_USER_PATHS = NO;
				CLANG_ANALYZER_NONNULL = YES;
				CLANG_ANALYZER_NUMBER_OBJECT_CONVERSION = YES_AGGRESSIVE;
				CLANG_CXX_LANGUAGE_STANDARD = "gnu++14";
				CLANG_CXX_LIBRARY = "libc++";
				CLANG_ENABLE_MODULES = YES;
				CLANG_ENABLE_OBJC_ARC = YES;
				CLANG_ENABLE_OBJC_WEAK = YES;
				CLANG_WARN_BLOCK_CAPTURE_AUTORELEASING = YES;
				CLANG_WARN_BOOL_CONVERSION = YES;
				CLANG_WARN_COMMA = YES;
				CLANG_WARN_CONSTANT_CONVERSION = YES;
				CLANG_WARN_DEPRECATED_OBJC_IMPLEMENTATIONS = YES;
				CLANG_WARN_DIRECT_OBJC_ISA_USAGE = YES_ERROR;
				CLANG_WARN_DOCUMENTATION_COMMENTS = YES;
				CLANG_WARN_EMPTY_BODY = YES;
				CLANG_WARN_ENUM_CONVERSION = YES;
				CLANG_WARN_INFINITE_RECURSION = YES;
				CLANG_WARN_INT_CONVERSION = YES;
				CLANG_WARN_NON_LITERAL_NULL_CONVERSION = YES;
				CLANG_WARN_OBJC_IMPLICIT_RETAIN_SELF = YES;
				CLANG_WARN_OBJC_LITERAL_CONVERSION = YES;
				CLANG_WARN_OBJC_ROOT_CLASS = YES_ERROR;
				CLANG_WARN_RANGE_LOOP_ANALYSIS = YES;
				CLANG_WARN_STRICT_PROTOTYPES = YES;
				CLANG_WARN_SUSPICIOUS_MOVE = YES;
				CLANG_WARN_UNGUARDED_AVAILABILITY = YES_AGGRESSIVE;
				CLANG_WARN_UNREACHABLE_CODE = YES;
				CLANG_WARN__DUPLICATE_METHOD_MATCH = YES;
				CODE_SIGN_IDENTITY = "iPhone Developer";
				COPY_PHASE_STRIP = NO;
				DEBUG_INFORMATION_FORMAT = dwarf;
				ENABLE_STRICT_OBJC_MSGSEND = YES;
				ENABLE_TESTABILITY = YES;
				GCC_C_LANGUAGE_STANDARD = gnu11;
				GCC_DYNAMIC_NO_PIC = NO;
				GCC_NO_COMMON_BLOCKS = YES;
				GCC_OPTIMIZATION_LEVEL = 0;
				GCC_PREPROCESSOR_DEFINITIONS = (
					"DEBUG=1",
					"$(inherited)",
				);
				GCC_WARN_64_TO_32_BIT_CONVERSION = YES;
				GCC_WARN_ABOUT_RETURN_TYPE = YES_ERROR;
				GCC_WARN_UNDECLARED_SELECTOR = YES;
				GCC_WARN_UNINITIALIZED_AUTOS = YES_AGGRESSIVE;
				GCC_WARN_UNUSED_FUNCTION = YES;
				GCC_WARN_UNUSED_VARIABLE = YES;
				IPHONEOS_DEPLOYMENT_TARGET = 12.2;
				MTL_ENABLE_DEBUG_INFO = INCLUDE_SOURCE;
				MTL_FAST_MATH = YES;
				ONLY_ACTIVE_ARCH = YES;
				SDKROOT = iphoneos;
				SWIFT_ACTIVE_COMPILATION_CONDITIONS = DEBUG;
				SWIFT_OPTIMIZATION_LEVEL = "-Onone";
			};
			name = Debug;
		};
		FD9E6A2A22AE68B300C3D355 /* Release */ = {
			isa = XCBuildConfiguration;
			buildSettings = {
				ALWAYS_SEARCH_USER_PATHS = NO;
				CLANG_ANALYZER_NONNULL = YES;
				CLANG_ANALYZER_NUMBER_OBJECT_CONVERSION = YES_AGGRESSIVE;
				CLANG_CXX_LANGUAGE_STANDARD = "gnu++14";
				CLANG_CXX_LIBRARY = "libc++";
				CLANG_ENABLE_MODULES = YES;
				CLANG_ENABLE_OBJC_ARC = YES;
				CLANG_ENABLE_OBJC_WEAK = YES;
				CLANG_WARN_BLOCK_CAPTURE_AUTORELEASING = YES;
				CLANG_WARN_BOOL_CONVERSION = YES;
				CLANG_WARN_COMMA = YES;
				CLANG_WARN_CONSTANT_CONVERSION = YES;
				CLANG_WARN_DEPRECATED_OBJC_IMPLEMENTATIONS = YES;
				CLANG_WARN_DIRECT_OBJC_ISA_USAGE = YES_ERROR;
				CLANG_WARN_DOCUMENTATION_COMMENTS = YES;
				CLANG_WARN_EMPTY_BODY = YES;
				CLANG_WARN_ENUM_CONVERSION = YES;
				CLANG_WARN_INFINITE_RECURSION = YES;
				CLANG_WARN_INT_CONVERSION = YES;
				CLANG_WARN_NON_LITERAL_NULL_CONVERSION = YES;
				CLANG_WARN_OBJC_IMPLICIT_RETAIN_SELF = YES;
				CLANG_WARN_OBJC_LITERAL_CONVERSION = YES;
				CLANG_WARN_OBJC_ROOT_CLASS = YES_ERROR;
				CLANG_WARN_RANGE_LOOP_ANALYSIS = YES;
				CLANG_WARN_STRICT_PROTOTYPES = YES;
				CLANG_WARN_SUSPICIOUS_MOVE = YES;
				CLANG_WARN_UNGUARDED_AVAILABILITY = YES_AGGRESSIVE;
				CLANG_WARN_UNREACHABLE_CODE = YES;
				CLANG_WARN__DUPLICATE_METHOD_MATCH = YES;
				CODE_SIGN_IDENTITY = "iPhone Developer";
				COPY_PHASE_STRIP = NO;
				DEBUG_INFORMATION_FORMAT = "dwarf-with-dsym";
				ENABLE_NS_ASSERTIONS = NO;
				ENABLE_STRICT_OBJC_MSGSEND = YES;
				GCC_C_LANGUAGE_STANDARD = gnu11;
				GCC_NO_COMMON_BLOCKS = YES;
				GCC_WARN_64_TO_32_BIT_CONVERSION = YES;
				GCC_WARN_ABOUT_RETURN_TYPE = YES_ERROR;
				GCC_WARN_UNDECLARED_SELECTOR = YES;
				GCC_WARN_UNINITIALIZED_AUTOS = YES_AGGRESSIVE;
				GCC_WARN_UNUSED_FUNCTION = YES;
				GCC_WARN_UNUSED_VARIABLE = YES;
				IPHONEOS_DEPLOYMENT_TARGET = 12.2;
				MTL_ENABLE_DEBUG_INFO = NO;
				MTL_FAST_MATH = YES;
				SDKROOT = iphoneos;
				SWIFT_COMPILATION_MODE = wholemodule;
				SWIFT_OPTIMIZATION_LEVEL = "-O";
				VALIDATE_PRODUCT = YES;
			};
			name = Release;
		};
		FD9E6A2C22AE68B300C3D355 /* Debug */ = {
			isa = XCBuildConfiguration;
			baseConfigurationReference = 3FC91D971D7666C479BB2304 /* Pods-SkyFind.debug.xcconfig */;
			buildSettings = {
				ASSETCATALOG_COMPILER_APPICON_NAME = AppIcon;
				CODE_SIGN_STYLE = Automatic;
				INFOPLIST_FILE = SkyFind/Info.plist;
				LD_RUNPATH_SEARCH_PATHS = (
					"$(inherited)",
					"@executable_path/Frameworks",
				);
				PRODUCT_BUNDLE_IDENTIFIER = nnn.SkyFind;
				PRODUCT_NAME = "$(TARGET_NAME)";
				SWIFT_VERSION = 5.0;
				TARGETED_DEVICE_FAMILY = "1,2";
			};
			name = Debug;
		};
		FD9E6A2D22AE68B300C3D355 /* Release */ = {
			isa = XCBuildConfiguration;
			baseConfigurationReference = AE74C69B8F6BBF843282DC42 /* Pods-SkyFind.release.xcconfig */;
			buildSettings = {
				ASSETCATALOG_COMPILER_APPICON_NAME = AppIcon;
				CODE_SIGN_STYLE = Automatic;
				INFOPLIST_FILE = SkyFind/Info.plist;
				LD_RUNPATH_SEARCH_PATHS = (
					"$(inherited)",
					"@executable_path/Frameworks",
				);
				PRODUCT_BUNDLE_IDENTIFIER = nnn.SkyFind;
				PRODUCT_NAME = "$(TARGET_NAME)";
				SWIFT_VERSION = 5.0;
				TARGETED_DEVICE_FAMILY = "1,2";
			};
			name = Release;
		};
/* End XCBuildConfiguration section */

/* Begin XCConfigurationList section */
		FD9E6A1122AE68B200C3D355 /* Build configuration list for PBXProject "SkyFind" */ = {
			isa = XCConfigurationList;
			buildConfigurations = (
				FD9E6A2922AE68B300C3D355 /* Debug */,
				FD9E6A2A22AE68B300C3D355 /* Release */,
			);
			defaultConfigurationIsVisible = 0;
			defaultConfigurationName = Release;
		};
		FD9E6A2B22AE68B300C3D355 /* Build configuration list for PBXNativeTarget "SkyFind" */ = {
			isa = XCConfigurationList;
			buildConfigurations = (
				FD9E6A2C22AE68B300C3D355 /* Debug */,
				FD9E6A2D22AE68B300C3D355 /* Release */,
			);
			defaultConfigurationIsVisible = 0;
			defaultConfigurationName = Release;
		};
/* End XCConfigurationList section */

/* Begin XCVersionGroup section */
		FD9E6A2022AE68B200C3D355 /* SkyFind.xcdatamodeld */ = {
			isa = XCVersionGroup;
			children = (
				FD9E6A2122AE68B200C3D355 /* SkyFind.xcdatamodel */,
			);
			currentVersion = FD9E6A2122AE68B200C3D355 /* SkyFind.xcdatamodel */;
			path = SkyFind.xcdatamodeld;
			sourceTree = "<group>";
			versionGroupType = wrapper.xcdatamodel;
		};
/* End XCVersionGroup section */
	};
	rootObject = FD9E6A0E22AE68B200C3D355 /* Project object */;
}
